// !$*UTF8*$!
{
	archiveVersion = 1;
	classes = {
	};
	objectVersion = 50;
	objects = {

/* Begin PBXBuildFile section */
		BD9D824B2227C5F300EBFAD6 /* AppDelegate.swift in Sources */ = {isa = PBXBuildFile; fileRef = BD9D824A2227C5F300EBFAD6 /* AppDelegate.swift */; };
		BD9D82512227C5F300EBFAD6 /* GameScene.swift in Sources */ = {isa = PBXBuildFile; fileRef = BD9D82502227C5F300EBFAD6 /* GameScene.swift */; };
		BD9D82532227C5F300EBFAD6 /* GameViewController.swift in Sources */ = {isa = PBXBuildFile; fileRef = BD9D82522227C5F300EBFAD6 /* GameViewController.swift */; };
		BD9D82562227C5F300EBFAD6 /* Main.storyboard in Resources */ = {isa = PBXBuildFile; fileRef = BD9D82542227C5F300EBFAD6 /* Main.storyboard */; };
		BD9D82582227C5F400EBFAD6 /* Assets.xcassets in Resources */ = {isa = PBXBuildFile; fileRef = BD9D82572227C5F400EBFAD6 /* Assets.xcassets */; };
		BD9D825B2227C5F400EBFAD6 /* LaunchScreen.storyboard in Resources */ = {isa = PBXBuildFile; fileRef = BD9D82592227C5F400EBFAD6 /* LaunchScreen.storyboard */; };
		BD9D82662227C5F400EBFAD6 /* TestGameTests.swift in Sources */ = {isa = PBXBuildFile; fileRef = BD9D82652227C5F400EBFAD6 /* TestGameTests.swift */; };
		BD9D82712227C5F400EBFAD6 /* TestGameUITests.swift in Sources */ = {isa = PBXBuildFile; fileRef = BD9D82702227C5F400EBFAD6 /* TestGameUITests.swift */; };
		BD9D827F2227E72300EBFAD6 /* MyUtils.swift in Sources */ = {isa = PBXBuildFile; fileRef = BD9D827E2227E72300EBFAD6 /* MyUtils.swift */; };
		BD9D8286222811F000EBFAD6 /* backgroundMusic.mp3 in Resources */ = {isa = PBXBuildFile; fileRef = BD9D8281222811F000EBFAD6 /* backgroundMusic.mp3 */; };
		BD9D8287222811F000EBFAD6 /* hitCatLady.wav in Resources */ = {isa = PBXBuildFile; fileRef = BD9D8282222811F000EBFAD6 /* hitCatLady.wav */; };
		BD9D8288222811F000EBFAD6 /* lose.wav in Resources */ = {isa = PBXBuildFile; fileRef = BD9D8283222811F000EBFAD6 /* lose.wav */; };
		BD9D8289222811F000EBFAD6 /* hitCat.wav in Resources */ = {isa = PBXBuildFile; fileRef = BD9D8284222811F000EBFAD6 /* hitCat.wav */; };
		BD9D828A222811F000EBFAD6 /* win.wav in Resources */ = {isa = PBXBuildFile; fileRef = BD9D8285222811F000EBFAD6 /* win.wav */; };
		BD9D828C22281ED500EBFAD6 /* GameOverScene.swift in Sources */ = {isa = PBXBuildFile; fileRef = BD9D828B22281ED500EBFAD6 /* GameOverScene.swift */; };
/* End PBXBuildFile section */

/* Begin PBXContainerItemProxy section */
		BD9D82622227C5F400EBFAD6 /* PBXContainerItemProxy */ = {
			isa = PBXContainerItemProxy;
			containerPortal = BD9D823F2227C5F200EBFAD6 /* Project object */;
			proxyType = 1;
			remoteGlobalIDString = BD9D82462227C5F200EBFAD6;
			remoteInfo = TestGame;
		};
		BD9D826D2227C5F400EBFAD6 /* PBXContainerItemProxy */ = {
			isa = PBXContainerItemProxy;
			containerPortal = BD9D823F2227C5F200EBFAD6 /* Project object */;
			proxyType = 1;
			remoteGlobalIDString = BD9D82462227C5F200EBFAD6;
			remoteInfo = TestGame;
		};
/* End PBXContainerItemProxy section */

/* Begin PBXFileReference section */
		BD9D82472227C5F300EBFAD6 /* TestGame.app */ = {isa = PBXFileReference; explicitFileType = wrapper.application; includeInIndex = 0; path = TestGame.app; sourceTree = BUILT_PRODUCTS_DIR; };
		BD9D824A2227C5F300EBFAD6 /* AppDelegate.swift */ = {isa = PBXFileReference; lastKnownFileType = sourcecode.swift; path = AppDelegate.swift; sourceTree = "<group>"; };
		BD9D82502227C5F300EBFAD6 /* GameScene.swift */ = {isa = PBXFileReference; lastKnownFileType = sourcecode.swift; path = GameScene.swift; sourceTree = "<group>"; };
		BD9D82522227C5F300EBFAD6 /* GameViewController.swift */ = {isa = PBXFileReference; lastKnownFileType = sourcecode.swift; path = GameViewController.swift; sourceTree = "<group>"; };
		BD9D82552227C5F300EBFAD6 /* Base */ = {isa = PBXFileReference; lastKnownFileType = file.storyboard; name = Base; path = Base.lproj/Main.storyboard; sourceTree = "<group>"; };
		BD9D82572227C5F400EBFAD6 /* Assets.xcassets */ = {isa = PBXFileReference; lastKnownFileType = folder.assetcatalog; path = Assets.xcassets; sourceTree = "<group>"; };
		BD9D825A2227C5F400EBFAD6 /* Base */ = {isa = PBXFileReference; lastKnownFileType = file.storyboard; name = Base; path = Base.lproj/LaunchScreen.storyboard; sourceTree = "<group>"; };
		BD9D825C2227C5F400EBFAD6 /* Info.plist */ = {isa = PBXFileReference; lastKnownFileType = text.plist.xml; path = Info.plist; sourceTree = "<group>"; };
		BD9D82612227C5F400EBFAD6 /* TestGameTests.xctest */ = {isa = PBXFileReference; explicitFileType = wrapper.cfbundle; includeInIndex = 0; path = TestGameTests.xctest; sourceTree = BUILT_PRODUCTS_DIR; };
		BD9D82652227C5F400EBFAD6 /* TestGameTests.swift */ = {isa = PBXFileReference; lastKnownFileType = sourcecode.swift; path = TestGameTests.swift; sourceTree = "<group>"; };
		BD9D82672227C5F400EBFAD6 /* Info.plist */ = {isa = PBXFileReference; lastKnownFileType = text.plist.xml; path = Info.plist; sourceTree = "<group>"; };
		BD9D826C2227C5F400EBFAD6 /* TestGameUITests.xctest */ = {isa = PBXFileReference; explicitFileType = wrapper.cfbundle; includeInIndex = 0; path = TestGameUITests.xctest; sourceTree = BUILT_PRODUCTS_DIR; };
		BD9D82702227C5F400EBFAD6 /* TestGameUITests.swift */ = {isa = PBXFileReference; lastKnownFileType = sourcecode.swift; path = TestGameUITests.swift; sourceTree = "<group>"; };
		BD9D82722227C5F400EBFAD6 /* Info.plist */ = {isa = PBXFileReference; lastKnownFileType = text.plist.xml; path = Info.plist; sourceTree = "<group>"; };
		BD9D827E2227E72300EBFAD6 /* MyUtils.swift */ = {isa = PBXFileReference; lastKnownFileType = sourcecode.swift; path = MyUtils.swift; sourceTree = "<group>"; };
		BD9D8281222811F000EBFAD6 /* backgroundMusic.mp3 */ = {isa = PBXFileReference; lastKnownFileType = audio.mp3; path = backgroundMusic.mp3; sourceTree = "<group>"; };
		BD9D8282222811F000EBFAD6 /* hitCatLady.wav */ = {isa = PBXFileReference; lastKnownFileType = audio.wav; path = hitCatLady.wav; sourceTree = "<group>"; };
		BD9D8283222811F000EBFAD6 /* lose.wav */ = {isa = PBXFileReference; lastKnownFileType = audio.wav; path = lose.wav; sourceTree = "<group>"; };
		BD9D8284222811F000EBFAD6 /* hitCat.wav */ = {isa = PBXFileReference; lastKnownFileType = audio.wav; path = hitCat.wav; sourceTree = "<group>"; };
		BD9D8285222811F000EBFAD6 /* win.wav */ = {isa = PBXFileReference; lastKnownFileType = audio.wav; path = win.wav; sourceTree = "<group>"; };
		BD9D828B22281ED500EBFAD6 /* GameOverScene.swift */ = {isa = PBXFileReference; lastKnownFileType = sourcecode.swift; path = GameOverScene.swift; sourceTree = "<group>"; };
/* End PBXFileReference section */

/* Begin PBXFrameworksBuildPhase section */
		BD9D82442227C5F200EBFAD6 /* Frameworks */ = {
			isa = PBXFrameworksBuildPhase;
			buildActionMask = 2147483647;
			files = (
			);
			runOnlyForDeploymentPostprocessing = 0;
		};
		BD9D825E2227C5F400EBFAD6 /* Frameworks */ = {
			isa = PBXFrameworksBuildPhase;
			buildActionMask = 2147483647;
			files = (
			);
			runOnlyForDeploymentPostprocessing = 0;
		};
		BD9D82692227C5F400EBFAD6 /* Frameworks */ = {
			isa = PBXFrameworksBuildPhase;
			buildActionMask = 2147483647;
			files = (
			);
			runOnlyForDeploymentPostprocessing = 0;
		};
/* End PBXFrameworksBuildPhase section */

/* Begin PBXGroup section */
		BD9D823E2227C5F200EBFAD6 = {
			isa = PBXGroup;
			children = (
				BD9D82492227C5F300EBFAD6 /* TestGame */,
				BD9D82642227C5F400EBFAD6 /* TestGameTests */,
				BD9D826F2227C5F400EBFAD6 /* TestGameUITests */,
				BD9D82482227C5F300EBFAD6 /* Products */,
			);
			sourceTree = "<group>";
		};
		BD9D82482227C5F300EBFAD6 /* Products */ = {
			isa = PBXGroup;
			children = (
				BD9D82472227C5F300EBFAD6 /* TestGame.app */,
				BD9D82612227C5F400EBFAD6 /* TestGameTests.xctest */,
				BD9D826C2227C5F400EBFAD6 /* TestGameUITests.xctest */,
			);
			name = Products;
			sourceTree = "<group>";
		};
		BD9D82492227C5F300EBFAD6 /* TestGame */ = {
			isa = PBXGroup;
			children = (
				BD9D82802228113600EBFAD6 /* Sounds */,
				BD9D824A2227C5F300EBFAD6 /* AppDelegate.swift */,
				BD9D82502227C5F300EBFAD6 /* GameScene.swift */,
				BD9D82522227C5F300EBFAD6 /* GameViewController.swift */,
				BD9D82542227C5F300EBFAD6 /* Main.storyboard */,
				BD9D82572227C5F400EBFAD6 /* Assets.xcassets */,
				BD9D82592227C5F400EBFAD6 /* LaunchScreen.storyboard */,
				BD9D825C2227C5F400EBFAD6 /* Info.plist */,
				BD9D827E2227E72300EBFAD6 /* MyUtils.swift */,
				BD9D828B22281ED500EBFAD6 /* GameOverScene.swift */,
			);
			path = TestGame;
			sourceTree = "<group>";
		};
		BD9D82642227C5F400EBFAD6 /* TestGameTests */ = {
			isa = PBXGroup;
			children = (
				BD9D82652227C5F400EBFAD6 /* TestGameTests.swift */,
				BD9D82672227C5F400EBFAD6 /* Info.plist */,
			);
			path = TestGameTests;
			sourceTree = "<group>";
		};
		BD9D826F2227C5F400EBFAD6 /* TestGameUITests */ = {
			isa = PBXGroup;
			children = (
				BD9D82702227C5F400EBFAD6 /* TestGameUITests.swift */,
				BD9D82722227C5F400EBFAD6 /* Info.plist */,
			);
			path = TestGameUITests;
			sourceTree = "<group>";
		};
		BD9D82802228113600EBFAD6 /* Sounds */ = {
			isa = PBXGroup;
			children = (
				BD9D8281222811F000EBFAD6 /* backgroundMusic.mp3 */,
				BD9D8284222811F000EBFAD6 /* hitCat.wav */,
				BD9D8282222811F000EBFAD6 /* hitCatLady.wav */,
				BD9D8283222811F000EBFAD6 /* lose.wav */,
				BD9D8285222811F000EBFAD6 /* win.wav */,
			);
			path = Sounds;
			sourceTree = "<group>";
		};
/* End PBXGroup section */

/* Begin PBXNativeTarget section */
		BD9D82462227C5F200EBFAD6 /* TestGame */ = {
			isa = PBXNativeTarget;
			buildConfigurationList = BD9D82752227C5F400EBFAD6 /* Build configuration list for PBXNativeTarget "TestGame" */;
			buildPhases = (
				BD9D82432227C5F200EBFAD6 /* Sources */,
				BD9D82442227C5F200EBFAD6 /* Frameworks */,
				BD9D82452227C5F200EBFAD6 /* Resources */,
			);
			buildRules = (
			);
			dependencies = (
			);
			name = TestGame;
			productName = TestGame;
			productReference = BD9D82472227C5F300EBFAD6 /* TestGame.app */;
			productType = "com.apple.product-type.application";
		};
		BD9D82602227C5F400EBFAD6 /* TestGameTests */ = {
			isa = PBXNativeTarget;
			buildConfigurationList = BD9D82782227C5F400EBFAD6 /* Build configuration list for PBXNativeTarget "TestGameTests" */;
			buildPhases = (
				BD9D825D2227C5F400EBFAD6 /* Sources */,
				BD9D825E2227C5F400EBFAD6 /* Frameworks */,
				BD9D825F2227C5F400EBFAD6 /* Resources */,
			);
			buildRules = (
			);
			dependencies = (
				BD9D82632227C5F400EBFAD6 /* PBXTargetDependency */,
			);
			name = TestGameTests;
			productName = TestGameTests;
			productReference = BD9D82612227C5F400EBFAD6 /* TestGameTests.xctest */;
			productType = "com.apple.product-type.bundle.unit-test";
		};
		BD9D826B2227C5F400EBFAD6 /* TestGameUITests */ = {
			isa = PBXNativeTarget;
			buildConfigurationList = BD9D827B2227C5F400EBFAD6 /* Build configuration list for PBXNativeTarget "TestGameUITests" */;
			buildPhases = (
				BD9D82682227C5F400EBFAD6 /* Sources */,
				BD9D82692227C5F400EBFAD6 /* Frameworks */,
				BD9D826A2227C5F400EBFAD6 /* Resources */,
			);
			buildRules = (
			);
			dependencies = (
				BD9D826E2227C5F400EBFAD6 /* PBXTargetDependency */,
			);
			name = TestGameUITests;
			productName = TestGameUITests;
			productReference = BD9D826C2227C5F400EBFAD6 /* TestGameUITests.xctest */;
			productType = "com.apple.product-type.bundle.ui-testing";
		};
/* End PBXNativeTarget section */

/* Begin PBXProject section */
		BD9D823F2227C5F200EBFAD6 /* Project object */ = {
			isa = PBXProject;
			attributes = {
				LastSwiftUpdateCheck = 1010;
				LastUpgradeCheck = 1010;
				ORGANIZATIONNAME = "Nikita Zhudin";
				TargetAttributes = {
					BD9D82462227C5F200EBFAD6 = {
						CreatedOnToolsVersion = 10.1;
					};
					BD9D82602227C5F400EBFAD6 = {
						CreatedOnToolsVersion = 10.1;
						TestTargetID = BD9D82462227C5F200EBFAD6;
					};
					BD9D826B2227C5F400EBFAD6 = {
						CreatedOnToolsVersion = 10.1;
						TestTargetID = BD9D82462227C5F200EBFAD6;
					};
				};
			};
			buildConfigurationList = BD9D82422227C5F200EBFAD6 /* Build configuration list for PBXProject "TestGame" */;
			compatibilityVersion = "Xcode 9.3";
			developmentRegion = en;
			hasScannedForEncodings = 0;
			knownRegions = (
				en,
				Base,
			);
			mainGroup = BD9D823E2227C5F200EBFAD6;
			productRefGroup = BD9D82482227C5F300EBFAD6 /* Products */;
			projectDirPath = "";
			projectRoot = "";
			targets = (
				BD9D82462227C5F200EBFAD6 /* TestGame */,
				BD9D82602227C5F400EBFAD6 /* TestGameTests */,
				BD9D826B2227C5F400EBFAD6 /* TestGameUITests */,
			);
		};
/* End PBXProject section */

/* Begin PBXResourcesBuildPhase section */
		BD9D82452227C5F200EBFAD6 /* Resources */ = {
			isa = PBXResourcesBuildPhase;
			buildActionMask = 2147483647;
			files = (
				BD9D8289222811F000EBFAD6 /* hitCat.wav in Resources */,
				BD9D828A222811F000EBFAD6 /* win.wav in Resources */,
				BD9D82562227C5F300EBFAD6 /* Main.storyboard in Resources */,
				BD9D82582227C5F400EBFAD6 /* Assets.xcassets in Resources */,
				BD9D8287222811F000EBFAD6 /* hitCatLady.wav in Resources */,
				BD9D8288222811F000EBFAD6 /* lose.wav in Resources */,
				BD9D8286222811F000EBFAD6 /* backgroundMusic.mp3 in Resources */,
				BD9D825B2227C5F400EBFAD6 /* LaunchScreen.storyboard in Resources */,
			);
			runOnlyForDeploymentPostprocessing = 0;
		};
		BD9D825F2227C5F400EBFAD6 /* Resources */ = {
			isa = PBXResourcesBuildPhase;
			buildActionMask = 2147483647;
			files = (
			);
			runOnlyForDeploymentPostprocessing = 0;
		};
		BD9D826A2227C5F400EBFAD6 /* Resources */ = {
			isa = PBXResourcesBuildPhase;
			buildActionMask = 2147483647;
			files = (
			);
			runOnlyForDeploymentPostprocessing = 0;
		};
/* End PBXResourcesBuildPhase section */

/* Begin PBXSourcesBuildPhase section */
		BD9D82432227C5F200EBFAD6 /* Sources */ = {
			isa = PBXSourcesBuildPhase;
			buildActionMask = 2147483647;
			files = (
				BD9D828C22281ED500EBFAD6 /* GameOverScene.swift in Sources */,
				BD9D82512227C5F300EBFAD6 /* GameScene.swift in Sources */,
				BD9D82532227C5F300EBFAD6 /* GameViewController.swift in Sources */,
				BD9D824B2227C5F300EBFAD6 /* AppDelegate.swift in Sources */,
				BD9D827F2227E72300EBFAD6 /* MyUtils.swift in Sources */,
			);
			runOnlyForDeploymentPostprocessing = 0;
		};
		BD9D825D2227C5F400EBFAD6 /* Sources */ = {
			isa = PBXSourcesBuildPhase;
			buildActionMask = 2147483647;
			files = (
				BD9D82662227C5F400EBFAD6 /* TestGameTests.swift in Sources */,
			);
			runOnlyForDeploymentPostprocessing = 0;
		};
		BD9D82682227C5F400EBFAD6 /* Sources */ = {
			isa = PBXSourcesBuildPhase;
			buildActionMask = 2147483647;
			files = (
				BD9D82712227C5F400EBFAD6 /* TestGameUITests.swift in Sources */,
			);
			runOnlyForDeploymentPostprocessing = 0;
		};
/* End PBXSourcesBuildPhase section */

/* Begin PBXTargetDependency section */
		BD9D82632227C5F400EBFAD6 /* PBXTargetDependency */ = {
			isa = PBXTargetDependency;
			target = BD9D82462227C5F200EBFAD6 /* TestGame */;
			targetProxy = BD9D82622227C5F400EBFAD6 /* PBXContainerItemProxy */;
		};
		BD9D826E2227C5F400EBFAD6 /* PBXTargetDependency */ = {
			isa = PBXTargetDependency;
			target = BD9D82462227C5F200EBFAD6 /* TestGame */;
			targetProxy = BD9D826D2227C5F400EBFAD6 /* PBXContainerItemProxy */;
		};
/* End PBXTargetDependency section */

/* Begin PBXVariantGroup section */
		BD9D82542227C5F300EBFAD6 /* Main.storyboard */ = {
			isa = PBXVariantGroup;
			children = (
				BD9D82552227C5F300EBFAD6 /* Base */,
			);
			name = Main.storyboard;
			sourceTree = "<group>";
		};
		BD9D82592227C5F400EBFAD6 /* LaunchScreen.storyboard */ = {
			isa = PBXVariantGroup;
			children = (
				BD9D825A2227C5F400EBFAD6 /* Base */,
			);
			name = LaunchScreen.storyboard;
			sourceTree = "<group>";
		};
/* End PBXVariantGroup section */

/* Begin XCBuildConfiguration section */
		BD9D82732227C5F400EBFAD6 /* Debug */ = {
			isa = XCBuildConfiguration;
			buildSettings = {
				ALWAYS_SEARCH_USER_PATHS = NO;
				CLANG_ANALYZER_NONNULL = YES;
				CLANG_ANALYZER_NUMBER_OBJECT_CONVERSION = YES_AGGRESSIVE;
				CLANG_CXX_LANGUAGE_STANDARD = "gnu++14";
				CLANG_CXX_LIBRARY = "libc++";
				CLANG_ENABLE_MODULES = YES;
				CLANG_ENABLE_OBJC_ARC = YES;
				CLANG_ENABLE_OBJC_WEAK = YES;
				CLANG_WARN_BLOCK_CAPTURE_AUTORELEASING = YES;
				CLANG_WARN_BOOL_CONVERSION = YES;
				CLANG_WARN_COMMA = YES;
				CLANG_WARN_CONSTANT_CONVERSION = YES;
				CLANG_WARN_DEPRECATED_OBJC_IMPLEMENTATIONS = YES;
				CLANG_WARN_DIRECT_OBJC_ISA_USAGE = YES_ERROR;
				CLANG_WARN_DOCUMENTATION_COMMENTS = YES;
				CLANG_WARN_EMPTY_BODY = YES;
				CLANG_WARN_ENUM_CONVERSION = YES;
				CLANG_WARN_INFINITE_RECURSION = YES;
				CLANG_WARN_INT_CONVERSION = YES;
				CLANG_WARN_NON_LITERAL_NULL_CONVERSION = YES;
				CLANG_WARN_OBJC_IMPLICIT_RETAIN_SELF = YES;
				CLANG_WARN_OBJC_LITERAL_CONVERSION = YES;
				CLANG_WARN_OBJC_ROOT_CLASS = YES_ERROR;
				CLANG_WARN_RANGE_LOOP_ANALYSIS = YES;
				CLANG_WARN_STRICT_PROTOTYPES = YES;
				CLANG_WARN_SUSPICIOUS_MOVE = YES;
				CLANG_WARN_UNGUARDED_AVAILABILITY = YES_AGGRESSIVE;
				CLANG_WARN_UNREACHABLE_CODE = YES;
				CLANG_WARN__DUPLICATE_METHOD_MATCH = YES;
				CODE_SIGN_IDENTITY = "iPhone Developer";
				COPY_PHASE_STRIP = NO;
				DEBUG_INFORMATION_FORMAT = dwarf;
				ENABLE_STRICT_OBJC_MSGSEND = YES;
				ENABLE_TESTABILITY = YES;
				GCC_C_LANGUAGE_STANDARD = gnu11;
				GCC_DYNAMIC_NO_PIC = NO;
				GCC_NO_COMMON_BLOCKS = YES;
				GCC_OPTIMIZATION_LEVEL = 0;
				GCC_PREPROCESSOR_DEFINITIONS = (
					"DEBUG=1",
					"$(inherited)",
				);
				GCC_WARN_64_TO_32_BIT_CONVERSION = YES;
				GCC_WARN_ABOUT_RETURN_TYPE = YES_ERROR;
				GCC_WARN_UNDECLARED_SELECTOR = YES;
				GCC_WARN_UNINITIALIZED_AUTOS = YES_AGGRESSIVE;
				GCC_WARN_UNUSED_FUNCTION = YES;
				GCC_WARN_UNUSED_VARIABLE = YES;
				IPHONEOS_DEPLOYMENT_TARGET = 12.1;
				MTL_ENABLE_DEBUG_INFO = INCLUDE_SOURCE;
				MTL_FAST_MATH = YES;
				ONLY_ACTIVE_ARCH = YES;
				SDKROOT = iphoneos;
				SWIFT_ACTIVE_COMPILATION_CONDITIONS = DEBUG;
				SWIFT_OPTIMIZATION_LEVEL = "-Onone";
			};
			name = Debug;
		};
		BD9D82742227C5F400EBFAD6 /* Release */ = {
			isa = XCBuildConfiguration;
			buildSettings = {
				ALWAYS_SEARCH_USER_PATHS = NO;
				CLANG_ANALYZER_NONNULL = YES;
				CLANG_ANALYZER_NUMBER_OBJECT_CONVERSION = YES_AGGRESSIVE;
				CLANG_CXX_LANGUAGE_STANDARD = "gnu++14";
				CLANG_CXX_LIBRARY = "libc++";
				CLANG_ENABLE_MODULES = YES;
				CLANG_ENABLE_OBJC_ARC = YES;
				CLANG_ENABLE_OBJC_WEAK = YES;
				CLANG_WARN_BLOCK_CAPTURE_AUTORELEASING = YES;
				CLANG_WARN_BOOL_CONVERSION = YES;
				CLANG_WARN_COMMA = YES;
				CLANG_WARN_CONSTANT_CONVERSION = YES;
				CLANG_WARN_DEPRECATED_OBJC_IMPLEMENTATIONS = YES;
				CLANG_WARN_DIRECT_OBJC_ISA_USAGE = YES_ERROR;
				CLANG_WARN_DOCUMENTATION_COMMENTS = YES;
				CLANG_WARN_EMPTY_BODY = YES;
				CLANG_WARN_ENUM_CONVERSION = YES;
				CLANG_WARN_INFINITE_RECURSION = YES;
				CLANG_WARN_INT_CONVERSION = YES;
				CLANG_WARN_NON_LITERAL_NULL_CONVERSION = YES;
				CLANG_WARN_OBJC_IMPLICIT_RETAIN_SELF = YES;
				CLANG_WARN_OBJC_LITERAL_CONVERSION = YES;
				CLANG_WARN_OBJC_ROOT_CLASS = YES_ERROR;
				CLANG_WARN_RANGE_LOOP_ANALYSIS = YES;
				CLANG_WARN_STRICT_PROTOTYPES = YES;
				CLANG_WARN_SUSPICIOUS_MOVE = YES;
				CLANG_WARN_UNGUARDED_AVAILABILITY = YES_AGGRESSIVE;
				CLANG_WARN_UNREACHABLE_CODE = YES;
				CLANG_WARN__DUPLICATE_METHOD_MATCH = YES;
				CODE_SIGN_IDENTITY = "iPhone Developer";
				COPY_PHASE_STRIP = NO;
				DEBUG_INFORMATION_FORMAT = "dwarf-with-dsym";
				ENABLE_NS_ASSERTIONS = NO;
				ENABLE_STRICT_OBJC_MSGSEND = YES;
				GCC_C_LANGUAGE_STANDARD = gnu11;
				GCC_NO_COMMON_BLOCKS = YES;
				GCC_WARN_64_TO_32_BIT_CONVERSION = YES;
				GCC_WARN_ABOUT_RETURN_TYPE = YES_ERROR;
				GCC_WARN_UNDECLARED_SELECTOR = YES;
				GCC_WARN_UNINITIALIZED_AUTOS = YES_AGGRESSIVE;
				GCC_WARN_UNUSED_FUNCTION = YES;
				GCC_WARN_UNUSED_VARIABLE = YES;
				IPHONEOS_DEPLOYMENT_TARGET = 12.1;
				MTL_ENABLE_DEBUG_INFO = NO;
				MTL_FAST_MATH = YES;
				SDKROOT = iphoneos;
				SWIFT_COMPILATION_MODE = wholemodule;
				SWIFT_OPTIMIZATION_LEVEL = "-O";
				VALIDATE_PRODUCT = YES;
			};
			name = Release;
		};
		BD9D82762227C5F400EBFAD6 /* Debug */ = {
			isa = XCBuildConfiguration;
			buildSettings = {
				ASSETCATALOG_COMPILER_APPICON_NAME = AppIcon;
				CODE_SIGN_IDENTITY = "iPhone Developer";
				CODE_SIGN_STYLE = Automatic;
				DEVELOPMENT_TEAM = RV733ZBW8L;
				INFOPLIST_FILE = TestGame/Info.plist;
				LD_RUNPATH_SEARCH_PATHS = (
					"$(inherited)",
					"@executable_path/Frameworks",
				);
				PRODUCT_BUNDLE_IDENTIFIER = nikita.TestGame;
				PRODUCT_NAME = "$(TARGET_NAME)";
				PROVISIONING_PROFILE_SPECIFIER = "";
				SWIFT_VERSION = 4.2;
				TARGETED_DEVICE_FAMILY = "1,2";
			};
			name = Debug;
		};
		BD9D82772227C5F400EBFAD6 /* Release */ = {
			isa = XCBuildConfiguration;
			buildSettings = {
				ASSETCATALOG_COMPILER_APPICON_NAME = AppIcon;
				CODE_SIGN_IDENTITY = "iPhone Developer";
				CODE_SIGN_STYLE = Automatic;
				DEVELOPMENT_TEAM = RV733ZBW8L;
				INFOPLIST_FILE = TestGame/Info.plist;
				LD_RUNPATH_SEARCH_PATHS = (
					"$(inherited)",
					"@executable_path/Frameworks",
				);
				PRODUCT_BUNDLE_IDENTIFIER = nikita.TestGame;
				PRODUCT_NAME = "$(TARGET_NAME)";
				PROVISIONING_PROFILE_SPECIFIER = "";
				SWIFT_VERSION = 4.2;
				TARGETED_DEVICE_FAMILY = "1,2";
			};
			name = Release;
		};
		BD9D82792227C5F400EBFAD6 /* Debug */ = {
			isa = XCBuildConfiguration;
			buildSettings = {
				ALWAYS_EMBED_SWIFT_STANDARD_LIBRARIES = YES;
				BUNDLE_LOADER = "$(TEST_HOST)";
				CODE_SIGN_STYLE = Automatic;
				DEVELOPMENT_TEAM = RV733ZBW8L;
				INFOPLIST_FILE = TestGameTests/Info.plist;
				LD_RUNPATH_SEARCH_PATHS = (
					"$(inherited)",
					"@executable_path/Frameworks",
					"@loader_path/Frameworks",
				);
				PRODUCT_BUNDLE_IDENTIFIER = nikita.TestGameTests;
				PRODUCT_NAME = "$(TARGET_NAME)";
				SWIFT_VERSION = 4.2;
				TARGETED_DEVICE_FAMILY = "1,2";
				TEST_HOST = "$(BUILT_PRODUCTS_DIR)/TestGame.app/TestGame";
			};
			name = Debug;
		};
		BD9D827A2227C5F400EBFAD6 /* Release */ = {
			isa = XCBuildConfiguration;
			buildSettings = {
				ALWAYS_EMBED_SWIFT_STANDARD_LIBRARIES = YES;
				BUNDLE_LOADER = "$(TEST_HOST)";
				CODE_SIGN_STYLE = Automatic;
				DEVELOPMENT_TEAM = RV733ZBW8L;
				INFOPLIST_FILE = TestGameTests/Info.plist;
				LD_RUNPATH_SEARCH_PATHS = (
					"$(inherited)",
					"@executable_path/Frameworks",
					"@loader_path/Frameworks",
				);
				PRODUCT_BUNDLE_IDENTIFIER = nikita.TestGameTests;
				PRODUCT_NAME = "$(TARGET_NAME)";
				SWIFT_VERSION = 4.2;
				TARGETED_DEVICE_FAMILY = "1,2";
				TEST_HOST = "$(BUILT_PRODUCTS_DIR)/TestGame.app/TestGame";
			};
			name = Release;
		};
		BD9D827C2227C5F400EBFAD6 /* Debug */ = {
			isa = XCBuildConfiguration;
			buildSettings = {
				ALWAYS_EMBED_SWIFT_STANDARD_LIBRARIES = YES;
				CODE_SIGN_STYLE = Automatic;
				DEVELOPMENT_TEAM = RV733ZBW8L;
				INFOPLIST_FILE = TestGameUITests/Info.plist;
				LD_RUNPATH_SEARCH_PATHS = (
					"$(inherited)",
					"@executable_path/Frameworks",
					"@loader_path/Frameworks",
				);
				PRODUCT_BUNDLE_IDENTIFIER = nikita.TestGameUITests;
				PRODUCT_NAME = "$(TARGET_NAME)";
				SWIFT_VERSION = 4.2;
				TARGETED_DEVICE_FAMILY = "1,2";
				TEST_TARGET_NAME = TestGame;
			};
			name = Debug;
		};
		BD9D827D2227C5F400EBFAD6 /* Release */ = {
			isa = XCBuildConfiguration;
			buildSettings = {
				ALWAYS_EMBED_SWIFT_STANDARD_LIBRARIES = YES;
				CODE_SIGN_STYLE = Automatic;
				DEVELOPMENT_TEAM = RV733ZBW8L;
				INFOPLIST_FILE = TestGameUITests/Info.plist;
				LD_RUNPATH_SEARCH_PATHS = (
					"$(inherited)",
					"@executable_path/Frameworks",
					"@loader_path/Frameworks",
				);
				PRODUCT_BUNDLE_IDENTIFIER = nikita.TestGameUITests;
				PRODUCT_NAME = "$(TARGET_NAME)";
				SWIFT_VERSION = 4.2;
				TARGETED_DEVICE_FAMILY = "1,2";
				TEST_TARGET_NAME = TestGame;
			};
			name = Release;
		};
/* End XCBuildConfiguration section */

/* Begin XCConfigurationList section */
		BD9D82422227C5F200EBFAD6 /* Build configuration list for PBXProject "TestGame" */ = {
			isa = XCConfigurationList;
			buildConfigurations = (
				BD9D82732227C5F400EBFAD6 /* Debug */,
				BD9D82742227C5F400EBFAD6 /* Release */,
			);
			defaultConfigurationIsVisible = 0;
			defaultConfigurationName = Release;
		};
		BD9D82752227C5F400EBFAD6 /* Build configuration list for PBXNativeTarget "TestGame" */ = {
			isa = XCConfigurationList;
			buildConfigurations = (
				BD9D82762227C5F400EBFAD6 /* Debug */,
				BD9D82772227C5F400EBFAD6 /* Release */,
			);
			defaultConfigurationIsVisible = 0;
			defaultConfigurationName = Release;
		};
		BD9D82782227C5F400EBFAD6 /* Build configuration list for PBXNativeTarget "TestGameTests" */ = {
			isa = XCConfigurationList;
			buildConfigurations = (
				BD9D82792227C5F400EBFAD6 /* Debug */,
				BD9D827A2227C5F400EBFAD6 /* Release */,
			);
			defaultConfigurationIsVisible = 0;
			defaultConfigurationName = Release;
		};
		BD9D827B2227C5F400EBFAD6 /* Build configuration list for PBXNativeTarget "TestGameUITests" */ = {
			isa = XCConfigurationList;
			buildConfigurations = (
				BD9D827C2227C5F400EBFAD6 /* Debug */,
				BD9D827D2227C5F400EBFAD6 /* Release */,
			);
			defaultConfigurationIsVisible = 0;
			defaultConfigurationName = Release;
		};
/* End XCConfigurationList section */
	};
	rootObject = BD9D823F2227C5F200EBFAD6 /* Project object */;
}
